
Microsoft Visual Studio Solution File, Format Version 12.00
# Visual Studio Version 16
VisualStudioVersion = 16.0.30804.86
MinimumVisualStudioVersion = 10.0.40219.1
Project("{FAE04EC0-301F-11D3-BF4B-00C04F79EFBC}") = "PrimerConsola", "PrimerConsola\PrimerConsola.csproj", "{647314E2-118A-4B8A-B910-6D8B137AA5D9}"
EndProject
Global
	GlobalSection(SolutionConfigurationPlatforms) = preSolution
		Debug|Any CPU = Debug|Any CPU
		Release|Any CPU = Release|Any CPU
	EndGlobalSection
	GlobalSection(ProjectConfigurationPlatforms) = postSolution
		{647314E2-118A-4B8A-B910-6D8B137AA5D9}.Debug|Any CPU.ActiveCfg = Debug|Any CPU
		{647314E2-118A-4B8A-B910-6D8B137AA5D9}.Debug|Any CPU.Build.0 = Debug|Any CPU
		{647314E2-118A-4B8A-B910-6D8B137AA5D9}.Release|Any CPU.ActiveCfg = Release|Any CPU
		{647314E2-118A-4B8A-B910-6D8B137AA5D9}.Release|Any CPU.Build.0 = Release|Any CPU
	EndGlobalSection
	GlobalSection(SolutionProperties) = preSolution
		HideSolutionNode = FALSE
	EndGlobalSection
	GlobalSection(ExtensibilityGlobals) = postSolution
		SolutionGuid = {87A7E5F9-A95D-4262-B74F-F4E51D512A92}
	EndGlobalSection
EndGlobal
